
Microsoft Visual Studio Solution File, Format Version 12.00
# Visual Studio 15
VisualStudioVersion = 15.0.27130.2003
MinimumVisualStudioVersion = 10.0.40219.1
Project("{FAE04EC0-301F-11D3-BF4B-00C04F79EFBC}") = "CodeDeployCoreDemo", "CodeDeployCoreDemo\CodeDeployCoreDemo.csproj", "{473CB155-692D-4334-A8E1-0527A4D3D4BA}"
EndProject
Global
	GlobalSection(SolutionConfigurationPlatforms) = preSolution
		Debug|Any CPU = Debug|Any CPU
		Release|Any CPU = Release|Any CPU
	EndGlobalSection
	GlobalSection(ProjectConfigurationPlatforms) = postSolution
		{473CB155-692D-4334-A8E1-0527A4D3D4BA}.Debug|Any CPU.ActiveCfg = Debug|Any CPU
		{473CB155-692D-4334-A8E1-0527A4D3D4BA}.Debug|Any CPU.Build.0 = Debug|Any CPU
		{473CB155-692D-4334-A8E1-0527A4D3D4BA}.Release|Any CPU.ActiveCfg = Release|Any CPU
		{473CB155-692D-4334-A8E1-0527A4D3D4BA}.Release|Any CPU.Build.0 = Release|Any CPU
	EndGlobalSection
	GlobalSection(SolutionProperties) = preSolution
		HideSolutionNode = FALSE
	EndGlobalSection
	GlobalSection(ExtensibilityGlobals) = postSolution
		SolutionGuid = {E64BDCC6-9BEE-4CB9-A0AD-AB509C8F08B1}
	EndGlobalSection
EndGlobal
